
Microsoft Visual Studio Solution File, Format Version 12.00
# Visual Studio Version 17
VisualStudioVersion = 17.0.31912.275
MinimumVisualStudioVersion = 10.0.40219.1
Project("{9A19103F-16F7-4668-BE54-9A1E7A4F7556}") = "ActionCommandGame.Model", "ActionCommandGame.Model\ActionCommandGame.Model.csproj", "{4FD7A06D-270C-4C72-B6F0-16B268EE54FB}"
EndProject
Project("{9A19103F-16F7-4668-BE54-9A1E7A4F7556}") = "ActionCommandGame.Ui.ConsoleApp", "ActionCommandGame.Ui.Console\ActionCommandGame.Ui.ConsoleApp.csproj", "{6D6F5E15-7B32-40CE-A833-9CB5BC4DF3E7}"
EndProject
Project("{9A19103F-16F7-4668-BE54-9A1E7A4F7556}") = "ActionCommandGame.Repository", "ActionCommandGame.Repository\ActionCommandGame.Repository.csproj", "{3DBDF25D-9A16-458A-A89E-571CE1BB527C}"
EndProject
Project("{9A19103F-16F7-4668-BE54-9A1E7A4F7556}") = "ActionCommandGame.Services", "ActionCommandGame.Services\ActionCommandGame.Services.csproj", "{1FEBB973-A346-409B-949F-E75F1680CBAB}"
EndProject
Project("{9A19103F-16F7-4668-BE54-9A1E7A4F7556}") = "ActionCommandGame.Services.Abstractions", "ActionCommandGame.Services.Abstractions\ActionCommandGame.Services.Abstractions.csproj", "{15422917-AFF0-4941-824E-2AFC0CF3078C}"
EndProject
Project("{9A19103F-16F7-4668-BE54-9A1E7A4F7556}") = "ActionCommandGame.Services.Model", "ActionCommandGame.Services.Model\ActionCommandGame.Services.Model.csproj", "{3FD55F80-8F73-4C21-8F5B-95077FE28D2C}"
EndProject
Project("{9A19103F-16F7-4668-BE54-9A1E7A4F7556}") = "ActionCommandGame.Settings", "ActionCommandGame.Settings\ActionCommandGame.Settings.csproj", "{AF0610A8-1F84-4E5C-B3CF-3AEF3B4C00C7}"
EndProject
Project("{9A19103F-16F7-4668-BE54-9A1E7A4F7556}") = "ActionCommandGame.Api", "ActionCommandGame.Api\ActionCommandGame.Api.csproj", "{5BA42FCA-9920-4616-A607-F81CAD86AB2C}"
EndProject
Project("{9A19103F-16F7-4668-BE54-9A1E7A4F7556}") = "ActionCommandGame.Api.Authentication", "ActionCommandGame.Api.Authentication\ActionCommandGame.Api.Authentication.csproj", "{1393976B-6AA5-4F95-BB19-1393A4C754C6}"
EndProject
Project("{2150E333-8FDC-42A3-9474-1A3956D46DE8}") = "Api", "Api", "{119E338A-E51B-4058-8855-1E6CC59351F3}"
EndProject
Project("{2150E333-8FDC-42A3-9474-1A3956D46DE8}") = "Core", "Core", "{22A8CF6D-C62B-4DB6-9C86-576AED75704B}"
EndProject
Project("{2150E333-8FDC-42A3-9474-1A3956D46DE8}") = "Services", "Services", "{A0707DA4-587F-477B-8F92-F26F34C28176}"
EndProject
Project("{2150E333-8FDC-42A3-9474-1A3956D46DE8}") = "UI", "UI", "{FC172E5F-1E61-488B-9934-91D1C73AFD45}"
EndProject
Project("{2150E333-8FDC-42A3-9474-1A3956D46DE8}") = "Sdk", "Sdk", "{B47BD7B4-CFF8-472C-9E87-565981081551}"
EndProject
Project("{9A19103F-16F7-4668-BE54-9A1E7A4F7556}") = "ActionCommandGame.Sdk", "ActionCommandGame.Sdk\ActionCommandGame.Sdk.csproj", "{E6F88C33-C8AC-49CA-9B58-28D42ABB7546}"
EndProject
Project("{9A19103F-16F7-4668-BE54-9A1E7A4F7556}") = "ActionCommandGame.Sdk.Abstractions", "ActionCommandGame.Sdk.Abstractions\ActionCommandGame.Sdk.Abstractions.csproj", "{7FB92B45-F738-4F62-9BAF-9C453C3D510A}"
EndProject
Project("{9A19103F-16F7-4668-BE54-9A1E7A4F7556}") = "ActionCommandGame.Abstractions", "ActionCommandGame.Abstractions\ActionCommandGame.Abstractions.csproj", "{DAC1134B-30E1-4D81-90AB-F45F291DC5EB}"
EndProject
Project("{9A19103F-16F7-4668-BE54-9A1E7A4F7556}") = "ActionCommandGame.Helpers", "ActionCommandGame.Helpers\ActionCommandGame.Helpers.csproj", "{B346E28B-6ED2-434B-94B9-0F46794F019A}"
EndProject
Project("{9A19103F-16F7-4668-BE54-9A1E7A4F7556}") = "ActionCommandGame.Extensions", "ActionCommandGame.Extensions\ActionCommandGame.Extensions.csproj", "{343D36DA-B068-4C01-AEE8-160A8423AE68}"
EndProject
Project("{9A19103F-16F7-4668-BE54-9A1E7A4F7556}") = "ActionCommandGame.Api.Authentication.Model", "ActionCommandGame.Api.Authentication.Model\ActionCommandGame.Api.Authentication.Model.csproj", "{84A83AB7-43DB-4CCE-B30D-E3A26B9F697E}"
EndProject
Project("{2150E333-8FDC-42A3-9474-1A3956D46DE8}") = "Tests", "Tests", "{16DC442C-270D-4B55-827D-6F1FDE8E9E36}"
EndProject
Project("{9A19103F-16F7-4668-BE54-9A1E7A4F7556}") = "ActionCommandGame.Test.ConsoleApp", "ActionCommandGame.Test.ConsoleApp1\ActionCommandGame.Test.ConsoleApp.csproj", "{00B1AD3D-D46F-47FD-8D96-EAA76327830B}"
EndProject
Project("{9A19103F-16F7-4668-BE54-9A1E7A4F7556}") = "ActionCommandGame.Ui.WebApp", "MockupActionCommandGame\ActionCommandGame.Ui.WebApp.csproj", "{AB812A48-4031-4A5D-8329-030AF75C923E}"
EndProject
Global
	GlobalSection(SolutionConfigurationPlatforms) = preSolution
		Debug|Any CPU = Debug|Any CPU
		Release|Any CPU = Release|Any CPU
	EndGlobalSection
	GlobalSection(ProjectConfigurationPlatforms) = postSolution
		{4FD7A06D-270C-4C72-B6F0-16B268EE54FB}.Debug|Any CPU.ActiveCfg = Debug|Any CPU
		{4FD7A06D-270C-4C72-B6F0-16B268EE54FB}.Debug|Any CPU.Build.0 = Debug|Any CPU
		{4FD7A06D-270C-4C72-B6F0-16B268EE54FB}.Release|Any CPU.ActiveCfg = Release|Any CPU
		{4FD7A06D-270C-4C72-B6F0-16B268EE54FB}.Release|Any CPU.Build.0 = Release|Any CPU
		{6D6F5E15-7B32-40CE-A833-9CB5BC4DF3E7}.Debug|Any CPU.ActiveCfg = Debug|Any CPU
		{6D6F5E15-7B32-40CE-A833-9CB5BC4DF3E7}.Debug|Any CPU.Build.0 = Debug|Any CPU
		{6D6F5E15-7B32-40CE-A833-9CB5BC4DF3E7}.Release|Any CPU.ActiveCfg = Release|Any CPU
		{6D6F5E15-7B32-40CE-A833-9CB5BC4DF3E7}.Release|Any CPU.Build.0 = Release|Any CPU
		{3DBDF25D-9A16-458A-A89E-571CE1BB527C}.Debug|Any CPU.ActiveCfg = Debug|Any CPU
		{3DBDF25D-9A16-458A-A89E-571CE1BB527C}.Debug|Any CPU.Build.0 = Debug|Any CPU
		{3DBDF25D-9A16-458A-A89E-571CE1BB527C}.Release|Any CPU.ActiveCfg = Release|Any CPU
		{3DBDF25D-9A16-458A-A89E-571CE1BB527C}.Release|Any CPU.Build.0 = Release|Any CPU
		{1FEBB973-A346-409B-949F-E75F1680CBAB}.Debug|Any CPU.ActiveCfg = Debug|Any CPU
		{1FEBB973-A346-409B-949F-E75F1680CBAB}.Debug|Any CPU.Build.0 = Debug|Any CPU
		{1FEBB973-A346-409B-949F-E75F1680CBAB}.Release|Any CPU.ActiveCfg = Release|Any CPU
		{1FEBB973-A346-409B-949F-E75F1680CBAB}.Release|Any CPU.Build.0 = Release|Any CPU
		{15422917-AFF0-4941-824E-2AFC0CF3078C}.Debug|Any CPU.ActiveCfg = Debug|Any CPU
		{15422917-AFF0-4941-824E-2AFC0CF3078C}.Debug|Any CPU.Build.0 = Debug|Any CPU
		{15422917-AFF0-4941-824E-2AFC0CF3078C}.Release|Any CPU.ActiveCfg = Release|Any CPU
		{15422917-AFF0-4941-824E-2AFC0CF3078C}.Release|Any CPU.Build.0 = Release|Any CPU
		{3FD55F80-8F73-4C21-8F5B-95077FE28D2C}.Debug|Any CPU.ActiveCfg = Debug|Any CPU
		{3FD55F80-8F73-4C21-8F5B-95077FE28D2C}.Debug|Any CPU.Build.0 = Debug|Any CPU
		{3FD55F80-8F73-4C21-8F5B-95077FE28D2C}.Release|Any CPU.ActiveCfg = Release|Any CPU
		{3FD55F80-8F73-4C21-8F5B-95077FE28D2C}.Release|Any CPU.Build.0 = Release|Any CPU
		{AF0610A8-1F84-4E5C-B3CF-3AEF3B4C00C7}.Debug|Any CPU.ActiveCfg = Debug|Any CPU
		{AF0610A8-1F84-4E5C-B3CF-3AEF3B4C00C7}.Debug|Any CPU.Build.0 = Debug|Any CPU
		{AF0610A8-1F84-4E5C-B3CF-3AEF3B4C00C7}.Release|Any CPU.ActiveCfg = Release|Any CPU
		{AF0610A8-1F84-4E5C-B3CF-3AEF3B4C00C7}.Release|Any CPU.Build.0 = Release|Any CPU
		{5BA42FCA-9920-4616-A607-F81CAD86AB2C}.Debug|Any CPU.ActiveCfg = Debug|Any CPU
		{5BA42FCA-9920-4616-A607-F81CAD86AB2C}.Debug|Any CPU.Build.0 = Debug|Any CPU
		{5BA42FCA-9920-4616-A607-F81CAD86AB2C}.Release|Any CPU.ActiveCfg = Release|Any CPU
		{5BA42FCA-9920-4616-A607-F81CAD86AB2C}.Release|Any CPU.Build.0 = Release|Any CPU
		{1393976B-6AA5-4F95-BB19-1393A4C754C6}.Debug|Any CPU.ActiveCfg = Debug|Any CPU
		{1393976B-6AA5-4F95-BB19-1393A4C754C6}.Debug|Any CPU.Build.0 = Debug|Any CPU
		{1393976B-6AA5-4F95-BB19-1393A4C754C6}.Release|Any CPU.ActiveCfg = Release|Any CPU
		{1393976B-6AA5-4F95-BB19-1393A4C754C6}.Release|Any CPU.Build.0 = Release|Any CPU
		{E6F88C33-C8AC-49CA-9B58-28D42ABB7546}.Debug|Any CPU.ActiveCfg = Debug|Any CPU
		{E6F88C33-C8AC-49CA-9B58-28D42ABB7546}.Debug|Any CPU.Build.0 = Debug|Any CPU
		{E6F88C33-C8AC-49CA-9B58-28D42ABB7546}.Release|Any CPU.ActiveCfg = Release|Any CPU
		{E6F88C33-C8AC-49CA-9B58-28D42ABB7546}.Release|Any CPU.Build.0 = Release|Any CPU
		{7FB92B45-F738-4F62-9BAF-9C453C3D510A}.Debug|Any CPU.ActiveCfg = Debug|Any CPU
		{7FB92B45-F738-4F62-9BAF-9C453C3D510A}.Debug|Any CPU.Build.0 = Debug|Any CPU
		{7FB92B45-F738-4F62-9BAF-9C453C3D510A}.Release|Any CPU.ActiveCfg = Release|Any CPU
		{7FB92B45-F738-4F62-9BAF-9C453C3D510A}.Release|Any CPU.Build.0 = Release|Any CPU
		{DAC1134B-30E1-4D81-90AB-F45F291DC5EB}.Debug|Any CPU.ActiveCfg = Debug|Any CPU
		{DAC1134B-30E1-4D81-90AB-F45F291DC5EB}.Debug|Any CPU.Build.0 = Debug|Any CPU
		{DAC1134B-30E1-4D81-90AB-F45F291DC5EB}.Release|Any CPU.ActiveCfg = Release|Any CPU
		{DAC1134B-30E1-4D81-90AB-F45F291DC5EB}.Release|Any CPU.Build.0 = Release|Any CPU
		{B346E28B-6ED2-434B-94B9-0F46794F019A}.Debug|Any CPU.ActiveCfg = Debug|Any CPU
		{B346E28B-6ED2-434B-94B9-0F46794F019A}.Debug|Any CPU.Build.0 = Debug|Any CPU
		{B346E28B-6ED2-434B-94B9-0F46794F019A}.Release|Any CPU.ActiveCfg = Release|Any CPU
		{B346E28B-6ED2-434B-94B9-0F46794F019A}.Release|Any CPU.Build.0 = Release|Any CPU
		{343D36DA-B068-4C01-AEE8-160A8423AE68}.Debug|Any CPU.ActiveCfg = Debug|Any CPU
		{343D36DA-B068-4C01-AEE8-160A8423AE68}.Debug|Any CPU.Build.0 = Debug|Any CPU
		{343D36DA-B068-4C01-AEE8-160A8423AE68}.Release|Any CPU.ActiveCfg = Release|Any CPU
		{343D36DA-B068-4C01-AEE8-160A8423AE68}.Release|Any CPU.Build.0 = Release|Any CPU
		{84A83AB7-43DB-4CCE-B30D-E3A26B9F697E}.Debug|Any CPU.ActiveCfg = Debug|Any CPU
		{84A83AB7-43DB-4CCE-B30D-E3A26B9F697E}.Debug|Any CPU.Build.0 = Debug|Any CPU
		{84A83AB7-43DB-4CCE-B30D-E3A26B9F697E}.Release|Any CPU.ActiveCfg = Release|Any CPU
		{84A83AB7-43DB-4CCE-B30D-E3A26B9F697E}.Release|Any CPU.Build.0 = Release|Any CPU
		{00B1AD3D-D46F-47FD-8D96-EAA76327830B}.Debug|Any CPU.ActiveCfg = Debug|Any CPU
		{00B1AD3D-D46F-47FD-8D96-EAA76327830B}.Debug|Any CPU.Build.0 = Debug|Any CPU
		{00B1AD3D-D46F-47FD-8D96-EAA76327830B}.Release|Any CPU.ActiveCfg = Release|Any CPU
		{00B1AD3D-D46F-47FD-8D96-EAA76327830B}.Release|Any CPU.Build.0 = Release|Any CPU
		{AB812A48-4031-4A5D-8329-030AF75C923E}.Debug|Any CPU.ActiveCfg = Debug|Any CPU
		{AB812A48-4031-4A5D-8329-030AF75C923E}.Debug|Any CPU.Build.0 = Debug|Any CPU
		{AB812A48-4031-4A5D-8329-030AF75C923E}.Release|Any CPU.ActiveCfg = Release|Any CPU
		{AB812A48-4031-4A5D-8329-030AF75C923E}.Release|Any CPU.Build.0 = Release|Any CPU
	EndGlobalSection
	GlobalSection(SolutionProperties) = preSolution
		HideSolutionNode = FALSE
	EndGlobalSection
	GlobalSection(NestedProjects) = preSolution
		{4FD7A06D-270C-4C72-B6F0-16B268EE54FB} = {22A8CF6D-C62B-4DB6-9C86-576AED75704B}
		{6D6F5E15-7B32-40CE-A833-9CB5BC4DF3E7} = {FC172E5F-1E61-488B-9934-91D1C73AFD45}
		{3DBDF25D-9A16-458A-A89E-571CE1BB527C} = {22A8CF6D-C62B-4DB6-9C86-576AED75704B}
		{1FEBB973-A346-409B-949F-E75F1680CBAB} = {A0707DA4-587F-477B-8F92-F26F34C28176}
		{15422917-AFF0-4941-824E-2AFC0CF3078C} = {A0707DA4-587F-477B-8F92-F26F34C28176}
		{3FD55F80-8F73-4C21-8F5B-95077FE28D2C} = {A0707DA4-587F-477B-8F92-F26F34C28176}
		{AF0610A8-1F84-4E5C-B3CF-3AEF3B4C00C7} = {22A8CF6D-C62B-4DB6-9C86-576AED75704B}
		{5BA42FCA-9920-4616-A607-F81CAD86AB2C} = {119E338A-E51B-4058-8855-1E6CC59351F3}
		{1393976B-6AA5-4F95-BB19-1393A4C754C6} = {119E338A-E51B-4058-8855-1E6CC59351F3}
		{E6F88C33-C8AC-49CA-9B58-28D42ABB7546} = {B47BD7B4-CFF8-472C-9E87-565981081551}
		{7FB92B45-F738-4F62-9BAF-9C453C3D510A} = {B47BD7B4-CFF8-472C-9E87-565981081551}
		{DAC1134B-30E1-4D81-90AB-F45F291DC5EB} = {22A8CF6D-C62B-4DB6-9C86-576AED75704B}
		{B346E28B-6ED2-434B-94B9-0F46794F019A} = {22A8CF6D-C62B-4DB6-9C86-576AED75704B}
		{343D36DA-B068-4C01-AEE8-160A8423AE68} = {22A8CF6D-C62B-4DB6-9C86-576AED75704B}
		{84A83AB7-43DB-4CCE-B30D-E3A26B9F697E} = {119E338A-E51B-4058-8855-1E6CC59351F3}
		{00B1AD3D-D46F-47FD-8D96-EAA76327830B} = {16DC442C-270D-4B55-827D-6F1FDE8E9E36}
		{AB812A48-4031-4A5D-8329-030AF75C923E} = {FC172E5F-1E61-488B-9934-91D1C73AFD45}
	EndGlobalSection
	GlobalSection(ExtensibilityGlobals) = postSolution
		SolutionGuid = {AF43B065-5545-4453-A97F-781AE33CE7DC}
	EndGlobalSection
EndGlobal
